
Microsoft Visual Studio Solution File, Format Version 12.00
# Visual Studio Version 17
VisualStudioVersion = 17.8.34408.163
MinimumVisualStudioVersion = 10.0.40219.1
Project("{FAE04EC0-301F-11D3-BF4B-00C04F79EFBC}") = "GeminiAI&ElevenLabs_ArtificialIntelligence", "GeminiAI&ElevenLabs_ArtificialIntelligence\GeminiAI&ElevenLabs_ArtificialIntelligence.csproj", "{3770C39E-2439-44D2-ACAD-83A971540808}"
EndProject
Global
	GlobalSection(SolutionConfigurationPlatforms) = preSolution
		Debug|Any CPU = Debug|Any CPU
		Release|Any CPU = Release|Any CPU
	EndGlobalSection
	GlobalSection(ProjectConfigurationPlatforms) = postSolution
		{3770C39E-2439-44D2-ACAD-83A971540808}.Debug|Any CPU.ActiveCfg = Debug|Any CPU
		{3770C39E-2439-44D2-ACAD-83A971540808}.Debug|Any CPU.Build.0 = Debug|Any CPU
		{3770C39E-2439-44D2-ACAD-83A971540808}.Release|Any CPU.ActiveCfg = Release|Any CPU
		{3770C39E-2439-44D2-ACAD-83A971540808}.Release|Any CPU.Build.0 = Release|Any CPU
	EndGlobalSection
	GlobalSection(SolutionProperties) = preSolution
		HideSolutionNode = FALSE
	EndGlobalSection
	GlobalSection(ExtensibilityGlobals) = postSolution
		SolutionGuid = {86741E3A-BE43-4EAE-9A2A-5E180923E85D}
	EndGlobalSection
EndGlobal
